// !$*UTF8*$!
{
	archiveVersion = 1;
	classes = {
	};
	objectVersion = 56;
	objects = {

/* Begin PBXBuildFile section */
		3756067A2A774F15003D4158 /* EssentialFeed.framework in Frameworks */ = {isa = PBXBuildFile; fileRef = 375606782A774F15003D4158 /* EssentialFeed.framework */; };
		3756067B2A774F15003D4158 /* EssentialFeed.framework in Embed Frameworks */ = {isa = PBXBuildFile; fileRef = 375606782A774F15003D4158 /* EssentialFeed.framework */; settings = {ATTRIBUTES = (CodeSignOnCopy, RemoveHeadersOnCopy, ); }; };
		3756067C2A774F15003D4158 /* EssentialFeediOS.framework in Frameworks */ = {isa = PBXBuildFile; fileRef = 375606792A774F15003D4158 /* EssentialFeediOS.framework */; };
		3756067D2A774F15003D4158 /* EssentialFeediOS.framework in Embed Frameworks */ = {isa = PBXBuildFile; fileRef = 375606792A774F15003D4158 /* EssentialFeediOS.framework */; settings = {ATTRIBUTES = (CodeSignOnCopy, RemoveHeadersOnCopy, ); }; };
		3756068E2A77540E003D4158 /* FeedLoaderWithFallbackComposite.swift in Sources */ = {isa = PBXBuildFile; fileRef = 3756068D2A77540E003D4158 /* FeedLoaderWithFallbackComposite.swift */; };
		375606902A77543F003D4158 /* FeedImageDataLoaderWithFallbackComposite.swift in Sources */ = {isa = PBXBuildFile; fileRef = 3756068F2A77543F003D4158 /* FeedImageDataLoaderWithFallbackComposite.swift */; };
		375606A12A775490003D4158 /* FeedLoaderWithFallbackCompositeTests.swift in Sources */ = {isa = PBXBuildFile; fileRef = 375606A02A775490003D4158 /* FeedLoaderWithFallbackCompositeTests.swift */; };
		375606A42A7754B4003D4158 /* SharedTestHelpers.swift in Sources */ = {isa = PBXBuildFile; fileRef = 375606A32A7754B4003D4158 /* SharedTestHelpers.swift */; };
		375606A62A7754C4003D4158 /* XCTestCase+MemoryLeakTracking.swift in Sources */ = {isa = PBXBuildFile; fileRef = 375606A52A7754C4003D4158 /* XCTestCase+MemoryLeakTracking.swift */; };
		375606A82A775588003D4158 /* FeedImageDataLoaderCacheDecorator.swift in Sources */ = {isa = PBXBuildFile; fileRef = 375606A72A775588003D4158 /* FeedImageDataLoaderCacheDecorator.swift */; };
		375606AA2A775597003D4158 /* FeedLoaderCacheDecorator.swift in Sources */ = {isa = PBXBuildFile; fileRef = 375606A92A775597003D4158 /* FeedLoaderCacheDecorator.swift */; };
		375606AC2A7755B7003D4158 /* FeedImageDataLoaderCacheDecoratorTests.swift in Sources */ = {isa = PBXBuildFile; fileRef = 375606AB2A7755B7003D4158 /* FeedImageDataLoaderCacheDecoratorTests.swift */; };
		375606AE2A7755F2003D4158 /* FeedLoaderCacheDecoratorTests.swift in Sources */ = {isa = PBXBuildFile; fileRef = 375606AD2A7755F2003D4158 /* FeedLoaderCacheDecoratorTests.swift */; };
		375606B02A77566E003D4158 /* FeedImageDataLoaderSpy.swift in Sources */ = {isa = PBXBuildFile; fileRef = 375606AF2A77566E003D4158 /* FeedImageDataLoaderSpy.swift */; };
		375606B22A77567E003D4158 /* FeedLoaderStub.swift in Sources */ = {isa = PBXBuildFile; fileRef = 375606B12A77567E003D4158 /* FeedLoaderStub.swift */; };
		375606B42A7756B0003D4158 /* XCTestCase+FeedImageDataLoaderTestCase.swift in Sources */ = {isa = PBXBuildFile; fileRef = 375606B32A7756B0003D4158 /* XCTestCase+FeedImageDataLoaderTestCase.swift */; };
		375606B62A7756C6003D4158 /* XCTestCase+FeedLoaderTestCase.swift in Sources */ = {isa = PBXBuildFile; fileRef = 375606B52A7756C6003D4158 /* XCTestCase+FeedLoaderTestCase.swift */; };
		375606D22A775853003D4158 /* EssentialAppUIAcceptanceTests.swift in Sources */ = {isa = PBXBuildFile; fileRef = 375606D12A775853003D4158 /* EssentialAppUIAcceptanceTests.swift */; };
		375606D92A775886003D4158 /* DebuggingSceneDelegate.swift in Sources */ = {isa = PBXBuildFile; fileRef = 375606D82A775886003D4158 /* DebuggingSceneDelegate.swift */; };
		37BC2DF72A774E3B00EFED07 /* AppDelegate.swift in Sources */ = {isa = PBXBuildFile; fileRef = 37BC2DF62A774E3B00EFED07 /* AppDelegate.swift */; };
		37BC2DF92A774E3B00EFED07 /* SceneDelegate.swift in Sources */ = {isa = PBXBuildFile; fileRef = 37BC2DF82A774E3B00EFED07 /* SceneDelegate.swift */; };
		37BC2DFB2A774E3B00EFED07 /* ViewController.swift in Sources */ = {isa = PBXBuildFile; fileRef = 37BC2DFA2A774E3B00EFED07 /* ViewController.swift */; };
		37BC2DFE2A774E3B00EFED07 /* Main.storyboard in Resources */ = {isa = PBXBuildFile; fileRef = 37BC2DFC2A774E3B00EFED07 /* Main.storyboard */; };
		37BC2E002A774E3C00EFED07 /* Assets.xcassets in Resources */ = {isa = PBXBuildFile; fileRef = 37BC2DFF2A774E3C00EFED07 /* Assets.xcassets */; };
		37BC2E032A774E3C00EFED07 /* LaunchScreen.storyboard in Resources */ = {isa = PBXBuildFile; fileRef = 37BC2E012A774E3C00EFED07 /* LaunchScreen.storyboard */; };
/* End PBXBuildFile section */

/* Begin PBXContainerItemProxy section */
		375606992A775458003D4158 /* PBXContainerItemProxy */ = {
			isa = PBXContainerItemProxy;
			containerPortal = 37BC2DEB2A774E3B00EFED07 /* Project object */;
			proxyType = 1;
			remoteGlobalIDString = 37BC2DF22A774E3B00EFED07;
			remoteInfo = EssentialApp;
		};
		375606D32A775853003D4158 /* PBXContainerItemProxy */ = {
			isa = PBXContainerItemProxy;
			containerPortal = 37BC2DEB2A774E3B00EFED07 /* Project object */;
			proxyType = 1;
			remoteGlobalIDString = 37BC2DF22A774E3B00EFED07;
			remoteInfo = EssentialApp;
		};
/* End PBXContainerItemProxy section */

/* Begin PBXCopyFilesBuildPhase section */
		3756067E2A774F15003D4158 /* Embed Frameworks */ = {
			isa = PBXCopyFilesBuildPhase;
			buildActionMask = 2147483647;
			dstPath = "";
			dstSubfolderSpec = 10;
			files = (
				3756067B2A774F15003D4158 /* EssentialFeed.framework in Embed Frameworks */,
				3756067D2A774F15003D4158 /* EssentialFeediOS.framework in Embed Frameworks */,
			);
			name = "Embed Frameworks";
			runOnlyForDeploymentPostprocessing = 0;
		};
/* End PBXCopyFilesBuildPhase section */

/* Begin PBXFileReference section */
		375606782A774F15003D4158 /* EssentialFeed.framework */ = {isa = PBXFileReference; explicitFileType = wrapper.framework; path = EssentialFeed.framework; sourceTree = BUILT_PRODUCTS_DIR; };
		375606792A774F15003D4158 /* EssentialFeediOS.framework */ = {isa = PBXFileReference; explicitFileType = wrapper.framework; path = EssentialFeediOS.framework; sourceTree = BUILT_PRODUCTS_DIR; };
		3756068D2A77540E003D4158 /* FeedLoaderWithFallbackComposite.swift */ = {isa = PBXFileReference; lastKnownFileType = sourcecode.swift; path = FeedLoaderWithFallbackComposite.swift; sourceTree = "<group>"; };
		3756068F2A77543F003D4158 /* FeedImageDataLoaderWithFallbackComposite.swift */ = {isa = PBXFileReference; lastKnownFileType = sourcecode.swift; path = FeedImageDataLoaderWithFallbackComposite.swift; sourceTree = "<group>"; };
		375606952A775458003D4158 /* EssentialAppTests.xctest */ = {isa = PBXFileReference; explicitFileType = wrapper.cfbundle; includeInIndex = 0; path = EssentialAppTests.xctest; sourceTree = BUILT_PRODUCTS_DIR; };
		375606A02A775490003D4158 /* FeedLoaderWithFallbackCompositeTests.swift */ = {isa = PBXFileReference; lastKnownFileType = sourcecode.swift; path = FeedLoaderWithFallbackCompositeTests.swift; sourceTree = "<group>"; };
		375606A32A7754B4003D4158 /* SharedTestHelpers.swift */ = {isa = PBXFileReference; lastKnownFileType = sourcecode.swift; path = SharedTestHelpers.swift; sourceTree = "<group>"; };
		375606A52A7754C4003D4158 /* XCTestCase+MemoryLeakTracking.swift */ = {isa = PBXFileReference; lastKnownFileType = sourcecode.swift; path = "XCTestCase+MemoryLeakTracking.swift"; sourceTree = "<group>"; };
		375606A72A775588003D4158 /* FeedImageDataLoaderCacheDecorator.swift */ = {isa = PBXFileReference; lastKnownFileType = sourcecode.swift; path = FeedImageDataLoaderCacheDecorator.swift; sourceTree = "<group>"; };
		375606A92A775597003D4158 /* FeedLoaderCacheDecorator.swift */ = {isa = PBXFileReference; lastKnownFileType = sourcecode.swift; path = FeedLoaderCacheDecorator.swift; sourceTree = "<group>"; };
		375606AB2A7755B7003D4158 /* FeedImageDataLoaderCacheDecoratorTests.swift */ = {isa = PBXFileReference; lastKnownFileType = sourcecode.swift; path = FeedImageDataLoaderCacheDecoratorTests.swift; sourceTree = "<group>"; };
		375606AD2A7755F2003D4158 /* FeedLoaderCacheDecoratorTests.swift */ = {isa = PBXFileReference; lastKnownFileType = sourcecode.swift; path = FeedLoaderCacheDecoratorTests.swift; sourceTree = "<group>"; };
		375606AF2A77566E003D4158 /* FeedImageDataLoaderSpy.swift */ = {isa = PBXFileReference; lastKnownFileType = sourcecode.swift; path = FeedImageDataLoaderSpy.swift; sourceTree = "<group>"; };
		375606B12A77567E003D4158 /* FeedLoaderStub.swift */ = {isa = PBXFileReference; lastKnownFileType = sourcecode.swift; path = FeedLoaderStub.swift; sourceTree = "<group>"; };
		375606B32A7756B0003D4158 /* XCTestCase+FeedImageDataLoaderTestCase.swift */ = {isa = PBXFileReference; lastKnownFileType = sourcecode.swift; path = "XCTestCase+FeedImageDataLoaderTestCase.swift"; sourceTree = "<group>"; };
		375606B52A7756C6003D4158 /* XCTestCase+FeedLoaderTestCase.swift */ = {isa = PBXFileReference; lastKnownFileType = sourcecode.swift; path = "XCTestCase+FeedLoaderTestCase.swift"; sourceTree = "<group>"; };
		375606CF2A775853003D4158 /* EssentialAppUIAcceptanceTests.xctest */ = {isa = PBXFileReference; explicitFileType = wrapper.cfbundle; includeInIndex = 0; path = EssentialAppUIAcceptanceTests.xctest; sourceTree = BUILT_PRODUCTS_DIR; };
		375606D12A775853003D4158 /* EssentialAppUIAcceptanceTests.swift */ = {isa = PBXFileReference; lastKnownFileType = sourcecode.swift; path = EssentialAppUIAcceptanceTests.swift; sourceTree = "<group>"; };
		375606D82A775886003D4158 /* DebuggingSceneDelegate.swift */ = {isa = PBXFileReference; lastKnownFileType = sourcecode.swift; path = DebuggingSceneDelegate.swift; sourceTree = "<group>"; };
		37BC2DF32A774E3B00EFED07 /* EssentialApp.app */ = {isa = PBXFileReference; explicitFileType = wrapper.application; includeInIndex = 0; path = EssentialApp.app; sourceTree = BUILT_PRODUCTS_DIR; };
		37BC2DF62A774E3B00EFED07 /* AppDelegate.swift */ = {isa = PBXFileReference; lastKnownFileType = sourcecode.swift; path = AppDelegate.swift; sourceTree = "<group>"; };
		37BC2DF82A774E3B00EFED07 /* SceneDelegate.swift */ = {isa = PBXFileReference; lastKnownFileType = sourcecode.swift; path = SceneDelegate.swift; sourceTree = "<group>"; };
		37BC2DFA2A774E3B00EFED07 /* ViewController.swift */ = {isa = PBXFileReference; lastKnownFileType = sourcecode.swift; path = ViewController.swift; sourceTree = "<group>"; };
		37BC2DFD2A774E3B00EFED07 /* Base */ = {isa = PBXFileReference; lastKnownFileType = file.storyboard; name = Base; path = Base.lproj/Main.storyboard; sourceTree = "<group>"; };
		37BC2DFF2A774E3C00EFED07 /* Assets.xcassets */ = {isa = PBXFileReference; lastKnownFileType = folder.assetcatalog; path = Assets.xcassets; sourceTree = "<group>"; };
		37BC2E022A774E3C00EFED07 /* Base */ = {isa = PBXFileReference; lastKnownFileType = file.storyboard; name = Base; path = Base.lproj/LaunchScreen.storyboard; sourceTree = "<group>"; };
		37BC2E042A774E3C00EFED07 /* Info.plist */ = {isa = PBXFileReference; lastKnownFileType = text.plist.xml; path = Info.plist; sourceTree = "<group>"; };
/* End PBXFileReference section */

/* Begin PBXFrameworksBuildPhase section */
		375606922A775458003D4158 /* Frameworks */ = {
			isa = PBXFrameworksBuildPhase;
			buildActionMask = 2147483647;
			files = (
			);
			runOnlyForDeploymentPostprocessing = 0;
		};
		375606CC2A775853003D4158 /* Frameworks */ = {
			isa = PBXFrameworksBuildPhase;
			buildActionMask = 2147483647;
			files = (
			);
			runOnlyForDeploymentPostprocessing = 0;
		};
		37BC2DF02A774E3B00EFED07 /* Frameworks */ = {
			isa = PBXFrameworksBuildPhase;
			buildActionMask = 2147483647;
			files = (
				3756067A2A774F15003D4158 /* EssentialFeed.framework in Frameworks */,
				3756067C2A774F15003D4158 /* EssentialFeediOS.framework in Frameworks */,
			);
			runOnlyForDeploymentPostprocessing = 0;
		};
/* End PBXFrameworksBuildPhase section */

/* Begin PBXGroup section */
		375606772A774F15003D4158 /* Frameworks */ = {
			isa = PBXGroup;
			children = (
				375606782A774F15003D4158 /* EssentialFeed.framework */,
				375606792A774F15003D4158 /* EssentialFeediOS.framework */,
			);
			name = Frameworks;
			sourceTree = "<group>";
		};
		375606962A775458003D4158 /* EssentialAppTests */ = {
			isa = PBXGroup;
			children = (
				375606A22A7754A7003D4158 /* Helpers */,
				375606A02A775490003D4158 /* FeedLoaderWithFallbackCompositeTests.swift */,
				375606AD2A7755F2003D4158 /* FeedLoaderCacheDecoratorTests.swift */,
				375606AB2A7755B7003D4158 /* FeedImageDataLoaderCacheDecoratorTests.swift */,
			);
			path = EssentialAppTests;
			sourceTree = "<group>";
		};
		375606A22A7754A7003D4158 /* Helpers */ = {
			isa = PBXGroup;
			children = (
				375606A32A7754B4003D4158 /* SharedTestHelpers.swift */,
				375606B32A7756B0003D4158 /* XCTestCase+FeedImageDataLoaderTestCase.swift */,
				375606B52A7756C6003D4158 /* XCTestCase+FeedLoaderTestCase.swift */,
				375606A52A7754C4003D4158 /* XCTestCase+MemoryLeakTracking.swift */,
				375606AF2A77566E003D4158 /* FeedImageDataLoaderSpy.swift */,
				375606B12A77567E003D4158 /* FeedLoaderStub.swift */,
			);
			path = Helpers;
			sourceTree = "<group>";
		};
		375606D02A775853003D4158 /* EssentialAppUIAcceptanceTests */ = {
			isa = PBXGroup;
			children = (
				375606D12A775853003D4158 /* EssentialAppUIAcceptanceTests.swift */,
			);
			path = EssentialAppUIAcceptanceTests;
			sourceTree = "<group>";
		};
		37BC2DEA2A774E3B00EFED07 = {
			isa = PBXGroup;
			children = (
				37BC2DF52A774E3B00EFED07 /* EssentialApp */,
				375606962A775458003D4158 /* EssentialAppTests */,
				375606D02A775853003D4158 /* EssentialAppUIAcceptanceTests */,
				37BC2DF42A774E3B00EFED07 /* Products */,
				375606772A774F15003D4158 /* Frameworks */,
			);
			sourceTree = "<group>";
		};
		37BC2DF42A774E3B00EFED07 /* Products */ = {
			isa = PBXGroup;
			children = (
				37BC2DF32A774E3B00EFED07 /* EssentialApp.app */,
				375606952A775458003D4158 /* EssentialAppTests.xctest */,
				375606CF2A775853003D4158 /* EssentialAppUIAcceptanceTests.xctest */,
			);
			name = Products;
			sourceTree = "<group>";
		};
		37BC2DF52A774E3B00EFED07 /* EssentialApp */ = {
			isa = PBXGroup;
			children = (
				37BC2DF62A774E3B00EFED07 /* AppDelegate.swift */,
				37BC2DF82A774E3B00EFED07 /* SceneDelegate.swift */,
				37BC2DFA2A774E3B00EFED07 /* ViewController.swift */,
				37BC2DFC2A774E3B00EFED07 /* Main.storyboard */,
				37BC2DFF2A774E3C00EFED07 /* Assets.xcassets */,
				37BC2E012A774E3C00EFED07 /* LaunchScreen.storyboard */,
				37BC2E042A774E3C00EFED07 /* Info.plist */,
				3756068D2A77540E003D4158 /* FeedLoaderWithFallbackComposite.swift */,
				3756068F2A77543F003D4158 /* FeedImageDataLoaderWithFallbackComposite.swift */,
				375606A72A775588003D4158 /* FeedImageDataLoaderCacheDecorator.swift */,
				375606A92A775597003D4158 /* FeedLoaderCacheDecorator.swift */,
				375606D82A775886003D4158 /* DebuggingSceneDelegate.swift */,
			);
			path = EssentialApp;
			sourceTree = "<group>";
		};
/* End PBXGroup section */

/* Begin PBXNativeTarget section */
		375606942A775458003D4158 /* EssentialAppTests */ = {
			isa = PBXNativeTarget;
			buildConfigurationList = 3756069B2A775458003D4158 /* Build configuration list for PBXNativeTarget "EssentialAppTests" */;
			buildPhases = (
				375606912A775458003D4158 /* Sources */,
				375606922A775458003D4158 /* Frameworks */,
				375606932A775458003D4158 /* Resources */,
			);
			buildRules = (
			);
			dependencies = (
				3756069A2A775458003D4158 /* PBXTargetDependency */,
			);
			name = EssentialAppTests;
			productName = EssentialAppTests;
			productReference = 375606952A775458003D4158 /* EssentialAppTests.xctest */;
			productType = "com.apple.product-type.bundle.unit-test";
		};
		375606CE2A775853003D4158 /* EssentialAppUIAcceptanceTests */ = {
			isa = PBXNativeTarget;
			buildConfigurationList = 375606D72A775853003D4158 /* Build configuration list for PBXNativeTarget "EssentialAppUIAcceptanceTests" */;
			buildPhases = (
				375606CB2A775853003D4158 /* Sources */,
				375606CC2A775853003D4158 /* Frameworks */,
				375606CD2A775853003D4158 /* Resources */,
			);
			buildRules = (
			);
			dependencies = (
				375606D42A775853003D4158 /* PBXTargetDependency */,
			);
			name = EssentialAppUIAcceptanceTests;
			productName = EssentialAppUIAcceptanceTests;
			productReference = 375606CF2A775853003D4158 /* EssentialAppUIAcceptanceTests.xctest */;
			productType = "com.apple.product-type.bundle.unit-test";
		};
		37BC2DF22A774E3B00EFED07 /* EssentialApp */ = {
			isa = PBXNativeTarget;
			buildConfigurationList = 37BC2E072A774E3C00EFED07 /* Build configuration list for PBXNativeTarget "EssentialApp" */;
			buildPhases = (
				37BC2DEF2A774E3B00EFED07 /* Sources */,
				37BC2DF02A774E3B00EFED07 /* Frameworks */,
				37BC2DF12A774E3B00EFED07 /* Resources */,
				3756067E2A774F15003D4158 /* Embed Frameworks */,
			);
			buildRules = (
			);
			dependencies = (
			);
			name = EssentialApp;
			productName = EssentialApp;
			productReference = 37BC2DF32A774E3B00EFED07 /* EssentialApp.app */;
			productType = "com.apple.product-type.application";
		};
/* End PBXNativeTarget section */

/* Begin PBXProject section */
		37BC2DEB2A774E3B00EFED07 /* Project object */ = {
			isa = PBXProject;
			attributes = {
				BuildIndependentTargetsInParallel = 1;
				LastSwiftUpdateCheck = 1430;
				LastUpgradeCheck = 1430;
				TargetAttributes = {
					375606942A775458003D4158 = {
						CreatedOnToolsVersion = 14.3.1;
						LastSwiftMigration = 1430;
						TestTargetID = 37BC2DF22A774E3B00EFED07;
					};
					375606CE2A775853003D4158 = {
						CreatedOnToolsVersion = 14.3.1;
						TestTargetID = 37BC2DF22A774E3B00EFED07;
					};
					37BC2DF22A774E3B00EFED07 = {
						CreatedOnToolsVersion = 14.3.1;
					};
				};
			};
			buildConfigurationList = 37BC2DEE2A774E3B00EFED07 /* Build configuration list for PBXProject "EssentialApp" */;
			compatibilityVersion = "Xcode 14.0";
			developmentRegion = en;
			hasScannedForEncodings = 0;
			knownRegions = (
				en,
				Base,
			);
			mainGroup = 37BC2DEA2A774E3B00EFED07;
			productRefGroup = 37BC2DF42A774E3B00EFED07 /* Products */;
			projectDirPath = "";
			projectRoot = "";
			targets = (
				37BC2DF22A774E3B00EFED07 /* EssentialApp */,
				375606942A775458003D4158 /* EssentialAppTests */,
				375606CE2A775853003D4158 /* EssentialAppUIAcceptanceTests */,
			);
		};
/* End PBXProject section */

/* Begin PBXResourcesBuildPhase section */
		375606932A775458003D4158 /* Resources */ = {
			isa = PBXResourcesBuildPhase;
			buildActionMask = 2147483647;
			files = (
			);
			runOnlyForDeploymentPostprocessing = 0;
		};
		375606CD2A775853003D4158 /* Resources */ = {
			isa = PBXResourcesBuildPhase;
			buildActionMask = 2147483647;
			files = (
			);
			runOnlyForDeploymentPostprocessing = 0;
		};
		37BC2DF12A774E3B00EFED07 /* Resources */ = {
			isa = PBXResourcesBuildPhase;
			buildActionMask = 2147483647;
			files = (
				37BC2E032A774E3C00EFED07 /* LaunchScreen.storyboard in Resources */,
				37BC2E002A774E3C00EFED07 /* Assets.xcassets in Resources */,
				37BC2DFE2A774E3B00EFED07 /* Main.storyboard in Resources */,
			);
			runOnlyForDeploymentPostprocessing = 0;
		};
/* End PBXResourcesBuildPhase section */

/* Begin PBXSourcesBuildPhase section */
		375606912A775458003D4158 /* Sources */ = {
			isa = PBXSourcesBuildPhase;
			buildActionMask = 2147483647;
			files = (
				375606B22A77567E003D4158 /* FeedLoaderStub.swift in Sources */,
				375606A12A775490003D4158 /* FeedLoaderWithFallbackCompositeTests.swift in Sources */,
				375606B02A77566E003D4158 /* FeedImageDataLoaderSpy.swift in Sources */,
				375606A62A7754C4003D4158 /* XCTestCase+MemoryLeakTracking.swift in Sources */,
				375606B62A7756C6003D4158 /* XCTestCase+FeedLoaderTestCase.swift in Sources */,
				375606A42A7754B4003D4158 /* SharedTestHelpers.swift in Sources */,
				375606AC2A7755B7003D4158 /* FeedImageDataLoaderCacheDecoratorTests.swift in Sources */,
				375606B42A7756B0003D4158 /* XCTestCase+FeedImageDataLoaderTestCase.swift in Sources */,
				375606AE2A7755F2003D4158 /* FeedLoaderCacheDecoratorTests.swift in Sources */,
			);
			runOnlyForDeploymentPostprocessing = 0;
		};
		375606CB2A775853003D4158 /* Sources */ = {
			isa = PBXSourcesBuildPhase;
			buildActionMask = 2147483647;
			files = (
				375606D22A775853003D4158 /* EssentialAppUIAcceptanceTests.swift in Sources */,
			);
			runOnlyForDeploymentPostprocessing = 0;
		};
		37BC2DEF2A774E3B00EFED07 /* Sources */ = {
			isa = PBXSourcesBuildPhase;
			buildActionMask = 2147483647;
			files = (
				37BC2DFB2A774E3B00EFED07 /* ViewController.swift in Sources */,
				37BC2DF72A774E3B00EFED07 /* AppDelegate.swift in Sources */,
				3756068E2A77540E003D4158 /* FeedLoaderWithFallbackComposite.swift in Sources */,
				375606A82A775588003D4158 /* FeedImageDataLoaderCacheDecorator.swift in Sources */,
				375606D92A775886003D4158 /* DebuggingSceneDelegate.swift in Sources */,
				37BC2DF92A774E3B00EFED07 /* SceneDelegate.swift in Sources */,
				375606902A77543F003D4158 /* FeedImageDataLoaderWithFallbackComposite.swift in Sources */,
				375606AA2A775597003D4158 /* FeedLoaderCacheDecorator.swift in Sources */,
			);
			runOnlyForDeploymentPostprocessing = 0;
		};
/* End PBXSourcesBuildPhase section */

/* Begin PBXTargetDependency section */
		3756069A2A775458003D4158 /* PBXTargetDependency */ = {
			isa = PBXTargetDependency;
			target = 37BC2DF22A774E3B00EFED07 /* EssentialApp */;
			targetProxy = 375606992A775458003D4158 /* PBXContainerItemProxy */;
		};
		375606D42A775853003D4158 /* PBXTargetDependency */ = {
			isa = PBXTargetDependency;
			target = 37BC2DF22A774E3B00EFED07 /* EssentialApp */;
			targetProxy = 375606D32A775853003D4158 /* PBXContainerItemProxy */;
		};
/* End PBXTargetDependency section */

/* Begin PBXVariantGroup section */
		37BC2DFC2A774E3B00EFED07 /* Main.storyboard */ = {
			isa = PBXVariantGroup;
			children = (
				37BC2DFD2A774E3B00EFED07 /* Base */,
			);
			name = Main.storyboard;
			sourceTree = "<group>";
		};
		37BC2E012A774E3C00EFED07 /* LaunchScreen.storyboard */ = {
			isa = PBXVariantGroup;
			children = (
				37BC2E022A774E3C00EFED07 /* Base */,
			);
			name = LaunchScreen.storyboard;
			sourceTree = "<group>";
		};
/* End PBXVariantGroup section */

/* Begin XCBuildConfiguration section */
		3756069C2A775458003D4158 /* Debug */ = {
			isa = XCBuildConfiguration;
			buildSettings = {
				BUNDLE_LOADER = "$(TEST_HOST)";
				CLANG_ENABLE_MODULES = YES;
				CODE_SIGN_STYLE = Automatic;
				CURRENT_PROJECT_VERSION = 1;
				GENERATE_INFOPLIST_FILE = YES;
				MARKETING_VERSION = 1.0;
				PRODUCT_BUNDLE_IDENTIFIER = com.limatheusm.EssentialAppTests;
				PRODUCT_NAME = "$(TARGET_NAME)";
				SWIFT_EMIT_LOC_STRINGS = NO;
				SWIFT_OPTIMIZATION_LEVEL = "-Onone";
				SWIFT_VERSION = 5.0;
				TARGETED_DEVICE_FAMILY = "1,2";
				TEST_HOST = "$(BUILT_PRODUCTS_DIR)/EssentialApp.app/$(BUNDLE_EXECUTABLE_FOLDER_PATH)/EssentialApp";
			};
			name = Debug;
		};
		3756069D2A775458003D4158 /* Release */ = {
			isa = XCBuildConfiguration;
			buildSettings = {
				BUNDLE_LOADER = "$(TEST_HOST)";
				CLANG_ENABLE_MODULES = YES;
				CODE_SIGN_STYLE = Automatic;
				CURRENT_PROJECT_VERSION = 1;
				GENERATE_INFOPLIST_FILE = YES;
				MARKETING_VERSION = 1.0;
				PRODUCT_BUNDLE_IDENTIFIER = com.limatheusm.EssentialAppTests;
				PRODUCT_NAME = "$(TARGET_NAME)";
				SWIFT_EMIT_LOC_STRINGS = NO;
				SWIFT_VERSION = 5.0;
				TARGETED_DEVICE_FAMILY = "1,2";
				TEST_HOST = "$(BUILT_PRODUCTS_DIR)/EssentialApp.app/$(BUNDLE_EXECUTABLE_FOLDER_PATH)/EssentialApp";
			};
			name = Release;
		};
		375606D52A775853003D4158 /* Debug */ = {
			isa = XCBuildConfiguration;
			buildSettings = {
				BUNDLE_LOADER = "$(TEST_HOST)";
				CODE_SIGN_STYLE = Automatic;
				CURRENT_PROJECT_VERSION = 1;
				GENERATE_INFOPLIST_FILE = YES;
				MARKETING_VERSION = 1.0;
				PRODUCT_BUNDLE_IDENTIFIER = com.limatheusm.EssentialAppUIAcceptanceTests;
				PRODUCT_NAME = "$(TARGET_NAME)";
				SWIFT_EMIT_LOC_STRINGS = NO;
				SWIFT_VERSION = 5.0;
				TARGETED_DEVICE_FAMILY = "1,2";
				TEST_HOST = "$(BUILT_PRODUCTS_DIR)/EssentialApp.app/$(BUNDLE_EXECUTABLE_FOLDER_PATH)/EssentialApp";
			};
			name = Debug;
		};
		375606D62A775853003D4158 /* Release */ = {
			isa = XCBuildConfiguration;
			buildSettings = {
				BUNDLE_LOADER = "$(TEST_HOST)";
				CODE_SIGN_STYLE = Automatic;
				CURRENT_PROJECT_VERSION = 1;
				GENERATE_INFOPLIST_FILE = YES;
				MARKETING_VERSION = 1.0;
				PRODUCT_BUNDLE_IDENTIFIER = com.limatheusm.EssentialAppUIAcceptanceTests;
				PRODUCT_NAME = "$(TARGET_NAME)";
				SWIFT_EMIT_LOC_STRINGS = NO;
				SWIFT_VERSION = 5.0;
				TARGETED_DEVICE_FAMILY = "1,2";
				TEST_HOST = "$(BUILT_PRODUCTS_DIR)/EssentialApp.app/$(BUNDLE_EXECUTABLE_FOLDER_PATH)/EssentialApp";
			};
			name = Release;
		};
		37BC2E052A774E3C00EFED07 /* Debug */ = {
			isa = XCBuildConfiguration;
			buildSettings = {
				ALWAYS_SEARCH_USER_PATHS = NO;
				CLANG_ANALYZER_NONNULL = YES;
				CLANG_ANALYZER_NUMBER_OBJECT_CONVERSION = YES_AGGRESSIVE;
				CLANG_CXX_LANGUAGE_STANDARD = "gnu++20";
				CLANG_ENABLE_MODULES = YES;
				CLANG_ENABLE_OBJC_ARC = YES;
				CLANG_ENABLE_OBJC_WEAK = YES;
				CLANG_WARN_BLOCK_CAPTURE_AUTORELEASING = YES;
				CLANG_WARN_BOOL_CONVERSION = YES;
				CLANG_WARN_COMMA = YES;
				CLANG_WARN_CONSTANT_CONVERSION = YES;
				CLANG_WARN_DEPRECATED_OBJC_IMPLEMENTATIONS = YES;
				CLANG_WARN_DIRECT_OBJC_ISA_USAGE = YES_ERROR;
				CLANG_WARN_DOCUMENTATION_COMMENTS = YES;
				CLANG_WARN_EMPTY_BODY = YES;
				CLANG_WARN_ENUM_CONVERSION = YES;
				CLANG_WARN_INFINITE_RECURSION = YES;
				CLANG_WARN_INT_CONVERSION = YES;
				CLANG_WARN_NON_LITERAL_NULL_CONVERSION = YES;
				CLANG_WARN_OBJC_IMPLICIT_RETAIN_SELF = YES;
				CLANG_WARN_OBJC_LITERAL_CONVERSION = YES;
				CLANG_WARN_OBJC_ROOT_CLASS = YES_ERROR;
				CLANG_WARN_QUOTED_INCLUDE_IN_FRAMEWORK_HEADER = YES;
				CLANG_WARN_RANGE_LOOP_ANALYSIS = YES;
				CLANG_WARN_STRICT_PROTOTYPES = YES;
				CLANG_WARN_SUSPICIOUS_MOVE = YES;
				CLANG_WARN_UNGUARDED_AVAILABILITY = YES_AGGRESSIVE;
				CLANG_WARN_UNREACHABLE_CODE = YES;
				CLANG_WARN__DUPLICATE_METHOD_MATCH = YES;
				COPY_PHASE_STRIP = NO;
				DEBUG_INFORMATION_FORMAT = dwarf;
				ENABLE_STRICT_OBJC_MSGSEND = YES;
				ENABLE_TESTABILITY = YES;
				GCC_C_LANGUAGE_STANDARD = gnu11;
				GCC_DYNAMIC_NO_PIC = NO;
				GCC_NO_COMMON_BLOCKS = YES;
				GCC_OPTIMIZATION_LEVEL = 0;
				GCC_PREPROCESSOR_DEFINITIONS = (
					"DEBUG=1",
					"$(inherited)",
				);
				GCC_WARN_64_TO_32_BIT_CONVERSION = YES;
				GCC_WARN_ABOUT_RETURN_TYPE = YES_ERROR;
				GCC_WARN_UNDECLARED_SELECTOR = YES;
				GCC_WARN_UNINITIALIZED_AUTOS = YES_AGGRESSIVE;
				GCC_WARN_UNUSED_FUNCTION = YES;
				GCC_WARN_UNUSED_VARIABLE = YES;
				IPHONEOS_DEPLOYMENT_TARGET = 16.4;
				MTL_ENABLE_DEBUG_INFO = INCLUDE_SOURCE;
				MTL_FAST_MATH = YES;
				ONLY_ACTIVE_ARCH = YES;
				SDKROOT = iphoneos;
				SWIFT_ACTIVE_COMPILATION_CONDITIONS = DEBUG;
				SWIFT_OPTIMIZATION_LEVEL = "-Onone";
			};
			name = Debug;
		};
		37BC2E062A774E3C00EFED07 /* Release */ = {
			isa = XCBuildConfiguration;
			buildSettings = {
				ALWAYS_SEARCH_USER_PATHS = NO;
				CLANG_ANALYZER_NONNULL = YES;
				CLANG_ANALYZER_NUMBER_OBJECT_CONVERSION = YES_AGGRESSIVE;
				CLANG_CXX_LANGUAGE_STANDARD = "gnu++20";
				CLANG_ENABLE_MODULES = YES;
				CLANG_ENABLE_OBJC_ARC = YES;
				CLANG_ENABLE_OBJC_WEAK = YES;
				CLANG_WARN_BLOCK_CAPTURE_AUTORELEASING = YES;
				CLANG_WARN_BOOL_CONVERSION = YES;
				CLANG_WARN_COMMA = YES;
				CLANG_WARN_CONSTANT_CONVERSION = YES;
				CLANG_WARN_DEPRECATED_OBJC_IMPLEMENTATIONS = YES;
				CLANG_WARN_DIRECT_OBJC_ISA_USAGE = YES_ERROR;
				CLANG_WARN_DOCUMENTATION_COMMENTS = YES;
				CLANG_WARN_EMPTY_BODY = YES;
				CLANG_WARN_ENUM_CONVERSION = YES;
				CLANG_WARN_INFINITE_RECURSION = YES;
				CLANG_WARN_INT_CONVERSION = YES;
				CLANG_WARN_NON_LITERAL_NULL_CONVERSION = YES;
				CLANG_WARN_OBJC_IMPLICIT_RETAIN_SELF = YES;
				CLANG_WARN_OBJC_LITERAL_CONVERSION = YES;
				CLANG_WARN_OBJC_ROOT_CLASS = YES_ERROR;
				CLANG_WARN_QUOTED_INCLUDE_IN_FRAMEWORK_HEADER = YES;
				CLANG_WARN_RANGE_LOOP_ANALYSIS = YES;
				CLANG_WARN_STRICT_PROTOTYPES = YES;
				CLANG_WARN_SUSPICIOUS_MOVE = YES;
				CLANG_WARN_UNGUARDED_AVAILABILITY = YES_AGGRESSIVE;
				CLANG_WARN_UNREACHABLE_CODE = YES;
				CLANG_WARN__DUPLICATE_METHOD_MATCH = YES;
				COPY_PHASE_STRIP = NO;
				DEBUG_INFORMATION_FORMAT = "dwarf-with-dsym";
				ENABLE_NS_ASSERTIONS = NO;
				ENABLE_STRICT_OBJC_MSGSEND = YES;
				GCC_C_LANGUAGE_STANDARD = gnu11;
				GCC_NO_COMMON_BLOCKS = YES;
				GCC_WARN_64_TO_32_BIT_CONVERSION = YES;
				GCC_WARN_ABOUT_RETURN_TYPE = YES_ERROR;
				GCC_WARN_UNDECLARED_SELECTOR = YES;
				GCC_WARN_UNINITIALIZED_AUTOS = YES_AGGRESSIVE;
				GCC_WARN_UNUSED_FUNCTION = YES;
				GCC_WARN_UNUSED_VARIABLE = YES;
				IPHONEOS_DEPLOYMENT_TARGET = 16.4;
				MTL_ENABLE_DEBUG_INFO = NO;
				MTL_FAST_MATH = YES;
				SDKROOT = iphoneos;
				SWIFT_COMPILATION_MODE = wholemodule;
				SWIFT_OPTIMIZATION_LEVEL = "-O";
				VALIDATE_PRODUCT = YES;
			};
			name = Release;
		};
		37BC2E082A774E3C00EFED07 /* Debug */ = {
			isa = XCBuildConfiguration;
			buildSettings = {
				ASSETCATALOG_COMPILER_APPICON_NAME = AppIcon;
				ASSETCATALOG_COMPILER_GLOBAL_ACCENT_COLOR_NAME = AccentColor;
				CODE_SIGN_STYLE = Automatic;
				CURRENT_PROJECT_VERSION = 1;
				GENERATE_INFOPLIST_FILE = YES;
				INFOPLIST_FILE = EssentialApp/Info.plist;
				INFOPLIST_KEY_UIApplicationSupportsIndirectInputEvents = YES;
				INFOPLIST_KEY_UILaunchStoryboardName = LaunchScreen;
				INFOPLIST_KEY_UIMainStoryboardFile = Main;
				INFOPLIST_KEY_UISupportedInterfaceOrientations = UIInterfaceOrientationPortrait;
				LD_RUNPATH_SEARCH_PATHS = (
					"$(inherited)",
					"@executable_path/Frameworks",
				);
				MARKETING_VERSION = 1.0;
				PRODUCT_BUNDLE_IDENTIFIER = com.limatheusm.EssentialApp;
				PRODUCT_NAME = "$(TARGET_NAME)";
				SWIFT_EMIT_LOC_STRINGS = YES;
				SWIFT_VERSION = 5.0;
				TARGETED_DEVICE_FAMILY = "1,2";
			};
			name = Debug;
		};
		37BC2E092A774E3C00EFED07 /* Release */ = {
			isa = XCBuildConfiguration;
			buildSettings = {
				ASSETCATALOG_COMPILER_APPICON_NAME = AppIcon;
				ASSETCATALOG_COMPILER_GLOBAL_ACCENT_COLOR_NAME = AccentColor;
				CODE_SIGN_STYLE = Automatic;
				CURRENT_PROJECT_VERSION = 1;
				GENERATE_INFOPLIST_FILE = YES;
				INFOPLIST_FILE = EssentialApp/Info.plist;
				INFOPLIST_KEY_UIApplicationSupportsIndirectInputEvents = YES;
				INFOPLIST_KEY_UILaunchStoryboardName = LaunchScreen;
				INFOPLIST_KEY_UIMainStoryboardFile = Main;
				INFOPLIST_KEY_UISupportedInterfaceOrientations = UIInterfaceOrientationPortrait;
				LD_RUNPATH_SEARCH_PATHS = (
					"$(inherited)",
					"@executable_path/Frameworks",
				);
				MARKETING_VERSION = 1.0;
				PRODUCT_BUNDLE_IDENTIFIER = com.limatheusm.EssentialApp;
				PRODUCT_NAME = "$(TARGET_NAME)";
				SWIFT_EMIT_LOC_STRINGS = YES;
				SWIFT_VERSION = 5.0;
				TARGETED_DEVICE_FAMILY = "1,2";
			};
			name = Release;
		};
/* End XCBuildConfiguration section */

/* Begin XCConfigurationList section */
		3756069B2A775458003D4158 /* Build configuration list for PBXNativeTarget "EssentialAppTests" */ = {
			isa = XCConfigurationList;
			buildConfigurations = (
				3756069C2A775458003D4158 /* Debug */,
				3756069D2A775458003D4158 /* Release */,
			);
			defaultConfigurationIsVisible = 0;
			defaultConfigurationName = Release;
		};
		375606D72A775853003D4158 /* Build configuration list for PBXNativeTarget "EssentialAppUIAcceptanceTests" */ = {
			isa = XCConfigurationList;
			buildConfigurations = (
				375606D52A775853003D4158 /* Debug */,
				375606D62A775853003D4158 /* Release */,
			);
			defaultConfigurationIsVisible = 0;
			defaultConfigurationName = Release;
		};
		37BC2DEE2A774E3B00EFED07 /* Build configuration list for PBXProject "EssentialApp" */ = {
			isa = XCConfigurationList;
			buildConfigurations = (
				37BC2E052A774E3C00EFED07 /* Debug */,
				37BC2E062A774E3C00EFED07 /* Release */,
			);
			defaultConfigurationIsVisible = 0;
			defaultConfigurationName = Release;
		};
		37BC2E072A774E3C00EFED07 /* Build configuration list for PBXNativeTarget "EssentialApp" */ = {
			isa = XCConfigurationList;
			buildConfigurations = (
				37BC2E082A774E3C00EFED07 /* Debug */,
				37BC2E092A774E3C00EFED07 /* Release */,
			);
			defaultConfigurationIsVisible = 0;
			defaultConfigurationName = Release;
		};
/* End XCConfigurationList section */
	};
	rootObject = 37BC2DEB2A774E3B00EFED07 /* Project object */;
}
